
Microsoft Visual Studio Solution File, Format Version 12.00
# Visual Studio Version 18
VisualStudioVersion = 18.5.11723.231 stable
MinimumVisualStudioVersion = 10.0.40219.1
Project("{FAE04EC0-301F-11D3-BF4B-00C04F79EFBC}") = "GuidingAnalyzer", "GuidingAnalyzer.csproj", "{096FC69D-6274-C9E9-75D2-ABB6C496A01F}"
EndProject
Global
	GlobalSection(SolutionConfigurationPlatforms) = preSolution
		Debug|Any CPU = Debug|Any CPU
		Release|Any CPU = Release|Any CPU
	EndGlobalSection
	GlobalSection(ProjectConfigurationPlatforms) = postSolution
		{096FC69D-6274-C9E9-75D2-ABB6C496A01F}.Debug|Any CPU.ActiveCfg = Debug|Any CPU
		{096FC69D-6274-C9E9-75D2-ABB6C496A01F}.Debug|Any CPU.Build.0 = Debug|Any CPU
		{096FC69D-6274-C9E9-75D2-ABB6C496A01F}.Release|Any CPU.ActiveCfg = Release|Any CPU
		{096FC69D-6274-C9E9-75D2-ABB6C496A01F}.Release|Any CPU.Build.0 = Release|Any CPU
	EndGlobalSection
	GlobalSection(SolutionProperties) = preSolution
		HideSolutionNode = FALSE
	EndGlobalSection
	GlobalSection(ExtensibilityGlobals) = postSolution
		SolutionGuid = {AFB3981C-6089-43F0-86FE-73593C3BBA67}
	EndGlobalSection
EndGlobal
